{
    "doctrine/sql-formatter": {
        "version": "1.1.0"
    },
    "guzzlehttp/guzzle": {
        "version": "7.0.1"
    },
    "guzzlehttp/promises": {
        "version": "v1.3.1"
    },
    "guzzlehttp/psr7": {
        "version": "1.6.1"
    },
    "maennchen/zipstream-php": {
        "version": "2.1.0"
    },
    "php": {
        "version": "7.4"
    },
    "psr/event-dispatcher": {
        "version": "1.0.0"
    },
    "psr/http-client": {
        "version": "1.0.1"
    },
    "psr/http-message": {
        "version": "1.0.1"
    },
    "ralouphie/getallheaders": {
        "version": "3.0.3"
    },
    "symfony/deprecation-contracts": {
        "version": "v2.1.2"
    },
    "symfony/polyfill-php80": {
        "version": "v1.17.0"
    },
    "symfony/polyfill-uuid": {
        "version": "v1.17.0"
    },
    "symfony/property-info": {
        "version": "v5.1.0"
    },
    "symfony/uid": {
        "version": "v5.1.0"
    },
    "symfony/webpack-encore-bundle": {
        "version": "1.6",
        "recipe": {
            "repo": "github.com/symfony/recipes",
            "branch": "master",
            "version": "1.6",
            "ref": "69e1d805ad95964088bd510c05995e87dc391564"
        },
        "files": [
            "assets/css/app.css",
            "assets/js/app.js",
            "config/packages/assets.yaml",
            "config/packages/prod/webpack_encore.yaml",
            "config/packages/test/webpack_encore.yaml",
            "config/packages/webpack_encore.yaml",
            "package.json",
            "webpack.config.js"
        ]
    }
}
